github.com/TheAlgorithms/Go v0.0.3-alpha h1:lnph8xGHqRhYD5V2Ujkv7eJDTY+ydcwKZwYAHjDey2M=
github.com/TheAlgorithms/Go v0.0.3-alpha/go.mod h1:yRPD24VV9SWwvNcDbe1+is5fIdebfgA9uNFWdAooIYU=
golang.org/x/exp v0.0.0-20231214170342-aacd6d4b4611 h1:qCEDpW1G+vcj3Y7Fy52pEM1AWm3abj8WimGYejI3SC4=
golang.org/x/exp v0.0.0-20231214170342-aacd6d4b4611/go.mod h1:iRJReGqOEeBhDZGkGbynYwcHlctCvnjTYIamk7uXpHI=
